
Microsoft Visual Studio Solution File, Format Version 12.00
# Visual Studio Version 17
VisualStudioVersion = 17.2.32526.322
MinimumVisualStudioVersion = 10.0.40219.1
Project("{9A19103F-16F7-4668-BE54-9A1E7A4F7556}") = "MoviesAPI", "MoviesAPI\MoviesAPI.csproj", "{620904F9-3D0F-469B-939F-0502DF6ABD4B}"
EndProject
Project("{FAE04EC0-301F-11D3-BF4B-00C04F79EFBC}") = "UsuariosAPI", "UsuariosAPI\UsuariosAPI.csproj", "{69D71E5E-21FE-4BDD-93E1-2A79B5B52138}"
EndProject
Global
	GlobalSection(SolutionConfigurationPlatforms) = preSolution
		Debug|Any CPU = Debug|Any CPU
		Release|Any CPU = Release|Any CPU
	EndGlobalSection
	GlobalSection(ProjectConfigurationPlatforms) = postSolution
		{620904F9-3D0F-469B-939F-0502DF6ABD4B}.Debug|Any CPU.ActiveCfg = Debug|Any CPU
		{620904F9-3D0F-469B-939F-0502DF6ABD4B}.Debug|Any CPU.Build.0 = Debug|Any CPU
		{620904F9-3D0F-469B-939F-0502DF6ABD4B}.Release|Any CPU.ActiveCfg = Release|Any CPU
		{620904F9-3D0F-469B-939F-0502DF6ABD4B}.Release|Any CPU.Build.0 = Release|Any CPU
		{69D71E5E-21FE-4BDD-93E1-2A79B5B52138}.Debug|Any CPU.ActiveCfg = Debug|Any CPU
		{69D71E5E-21FE-4BDD-93E1-2A79B5B52138}.Debug|Any CPU.Build.0 = Debug|Any CPU
		{69D71E5E-21FE-4BDD-93E1-2A79B5B52138}.Release|Any CPU.ActiveCfg = Release|Any CPU
		{69D71E5E-21FE-4BDD-93E1-2A79B5B52138}.Release|Any CPU.Build.0 = Release|Any CPU
	EndGlobalSection
	GlobalSection(SolutionProperties) = preSolution
		HideSolutionNode = FALSE
	EndGlobalSection
	GlobalSection(ExtensibilityGlobals) = postSolution
		SolutionGuid = {3E00727C-1826-4076-8176-A41D804225D1}
	EndGlobalSection
EndGlobal
